{
    "version": 3,
    "terraform_version": "0.11.11",
    "serial": 42,
    "lineage": "97b3a021-9cd3-bb3c-e0c4-54bc6f2b7e3e",
    "modules": [
        {
            "path": [
                "root"
            ],
            "outputs": {},
            "resources": {},
            "depends_on": []
        },
        {
            "path": [
                "root",
                "security_group"
            ],
            "outputs": {
                "security_group_id": {
                    "sensitive": false,
                    "type": "string",
                    "value": "sg-dafmoaht"
                }
            },
            "resources": {
                "tencentcloud_security_group.web_access": {
                    "type": "tencentcloud_security_group",
                    "depends_on": [],
                    "primary": {
                        "id": "sg-dafmoaht",
                        "attributes": {
                            "description": "make it accessible the web application",
                            "id": "sg-dafmoaht",
                            "name": "web access"
                        },
                        "meta": {},
                        "tainted": false
                    },
                    "deposed": [],
                    "provider": "module.security_group.provider.tencentcloud"
                },
                "tencentcloud_security_group_rule.egress-accept": {
                    "type": "tencentcloud_security_group_rule",
                    "depends_on": [
                        "tencentcloud_security_group.web_access"
                    ],
                    "primary": {
                        "id": "ipProtocol=tcp\u0026portRange=22\u0026sgId=sg-dafmoaht\u0026direction=egress\u0026action=accept\u0026cidrIp=0.0.0.0/0",
                        "attributes": {
                            "cidr_ip": "0.0.0.0/0",
                            "id": "ipProtocol=tcp\u0026portRange=22\u0026sgId=sg-dafmoaht\u0026direction=egress\u0026action=accept\u0026cidrIp=0.0.0.0/0",
                            "ip_protocol": "tcp",
                            "policy": "accept",
                            "port_range": "22",
                            "security_group_id": "sg-dafmoaht",
                            "type": "egress"
                        },
                        "meta": {},
                        "tainted": false
                    },
                    "deposed": [],
                    "provider": "module.security_group.provider.tencentcloud"
                },
                "tencentcloud_security_group_rule.ssh": {
                    "type": "tencentcloud_security_group_rule",
                    "depends_on": [
                        "tencentcloud_security_group.web_access"
                    ],
                    "primary": {
                        "id": "sgId=sg-dafmoaht\u0026direction=ingress\u0026action=accept\u0026cidrIp=0.0.0.0/0\u0026ipProtocol=tcp\u0026portRange=22",
                        "attributes": {
                            "cidr_ip": "0.0.0.0/0",
                            "id": "sgId=sg-dafmoaht\u0026direction=ingress\u0026action=accept\u0026cidrIp=0.0.0.0/0\u0026ipProtocol=tcp\u0026portRange=22",
                            "ip_protocol": "tcp",
                            "policy": "accept",
                            "port_range": "22",
                            "security_group_id": "sg-dafmoaht",
                            "type": "ingress"
                        },
                        "meta": {},
                        "tainted": false
                    },
                    "deposed": [],
                    "provider": "module.security_group.provider.tencentcloud"
                },
                "tencentcloud_security_group_rule.web": {
                    "type": "tencentcloud_security_group_rule",
                    "depends_on": [
                        "tencentcloud_security_group.web_access"
                    ],
                    "primary": {
                        "id": "portRange=80,3000,8080\u0026sgId=sg-dafmoaht\u0026direction=ingress\u0026action=accept\u0026cidrIp=0.0.0.0/0\u0026ipProtocol=tcp",
                        "attributes": {
                            "cidr_ip": "0.0.0.0/0",
                            "id": "portRange=80,3000,8080\u0026sgId=sg-dafmoaht\u0026direction=ingress\u0026action=accept\u0026cidrIp=0.0.0.0/0\u0026ipProtocol=tcp",
                            "ip_protocol": "tcp",
                            "policy": "accept",
                            "port_range": "80,3000,8080",
                            "security_group_id": "sg-dafmoaht",
                            "type": "ingress"
                        },
                        "meta": {},
                        "tainted": false
                    },
                    "deposed": [],
                    "provider": "module.security_group.provider.tencentcloud"
                }
            },
            "depends_on": []
        },
        {
            "path": [
                "root",
                "subnet"
            ],
            "outputs": {
                "subnet_id": {
                    "sensitive": false,
                    "type": "string",
                    "value": "subnet-hip53wtj"
                }
            },
            "resources": {
                "tencentcloud_subnet.subnet": {
                    "type": "tencentcloud_subnet",
                    "depends_on": [],
                    "primary": {
                        "id": "subnet-hip53wtj",
                        "attributes": {
                            "availability_zone": "ap-chengdu-1",
                            "cidr_block": "10.1.1.0/24",
                            "id": "subnet-hip53wtj",
                            "name": "subnet1",
                            "route_table_id": "cd_rtb_289922",
                            "vpc_id": "vpc-bgkredfi"
                        },
                        "meta": {},
                        "tainted": false
                    },
                    "deposed": [],
                    "provider": "module.subnet.provider.tencentcloud"
                }
            },
            "depends_on": []
        },
        {
            "path": [
                "root",
                "vm"
            ],
            "outputs": {
                "vm_image_id": {
                    "sensitive": false,
                    "type": "list",
                    "value": [
                        "img-6ns5om13"
                    ]
                },
                "vm_instance_id": {
                    "sensitive": false,
                    "type": "list",
                    "value": [
                        "ins-g9uyd5jb"
                    ]
                },
                "vm_private_id": {
                    "sensitive": false,
                    "type": "list",
                    "value": [
                        "10.1.1.15"
                    ]
                },
                "vm_public_id": {
                    "sensitive": false,
                    "type": "list",
                    "value": [
                        "132.232.2.20"
                    ]
                }
            },
            "resources": {
                "tencentcloud_instance.vm": {
                    "type": "tencentcloud_instance",
                    "depends_on": [],
                    "primary": {
                        "id": "ins-g9uyd5jb",
                        "attributes": {
                            "allocate_public_ip": "true",
                            "availability_zone": "ap-chengdu-1",
                            "data_disks.#": "0",
                            "id": "ins-g9uyd5jb",
                            "image_id": "img-6ns5om13",
                            "instance_name": "vm1",
                            "instance_status": "RUNNING",
                            "instance_type": "I2.MEDIUM4",
                            "internet_max_bandwidth_out": "1",
                            "password": "Ab888888",
                            "private_ip": "10.1.1.15",
                            "public_ip": "132.232.2.20",
                            "security_groups.#": "1",
                            "security_groups.2397779154": "sg-dafmoaht",
                            "subnet_id": "subnet-hip53wtj",
                            "system_disk_size": "50",
                            "system_disk_type": "CLOUD_BASIC",
                            "vpc_id": "vpc-bgkredfi"
                        },
                        "meta": {},
                        "tainted": false
                    },
                    "deposed": [],
                    "provider": "module.vm.provider.tencentcloud"
                }
            },
            "depends_on": []
        },
        {
            "path": [
                "root",
                "vpc"
            ],
            "outputs": {
                "vpc_id": {
                    "sensitive": false,
                    "type": "string",
                    "value": "vpc-bgkredfi"
                }
            },
            "resources": {
                "tencentcloud_vpc.vpc": {
                    "type": "tencentcloud_vpc",
                    "depends_on": [],
                    "primary": {
                        "id": "vpc-bgkredfi",
                        "attributes": {
                            "cidr_block": "10.1.0.0/16",
                            "id": "vpc-bgkredfi",
                            "is_default": "false",
                            "is_multicast": "false",
                            "name": "vpc1"
                        },
                        "meta": {},
                        "tainted": false
                    },
                    "deposed": [],
                    "provider": "module.vpc.provider.tencentcloud"
                }
            },
            "depends_on": []
        }
    ]
}
