{
    "version": 3,
    "terraform_version": "0.11.11",
    "serial": 37,
    "lineage": "97b3a021-9cd3-bb3c-e0c4-54bc6f2b7e3e",
    "modules": [
        {
            "path": [
                "root"
            ],
            "outputs": {
                "vm_image_id": {
                    "sensitive": false,
                    "type": "list",
                    "value": [
                        "img-6ns5om13"
                    ]
                },
                "vm_instance_id": {
                    "sensitive": false,
                    "type": "list",
                    "value": [
                        "ins-lqdwvk3p"
                    ]
                },
                "vm_private_id": {
                    "sensitive": false,
                    "type": "list",
                    "value": [
                        "10.3.1.12"
                    ]
                },
                "vm_public_id": {
                    "sensitive": false,
                    "type": "list",
                    "value": [
                        "148.70.231.169"
                    ]
                },
                "vpc_a_id": {
                    "sensitive": false,
                    "type": "string",
                    "value": "vpc-5fgo0hi4"
                }
            },
            "resources": {
                "tencentcloud_instance.vm": {
                    "type": "tencentcloud_instance",
                    "depends_on": [
                        "tencentcloud_security_group.web_access",
                        "tencentcloud_subnet.subnet1_vpc_a",
                        "tencentcloud_vpc.vpc_a"
                    ],
                    "primary": {
                        "id": "ins-lqdwvk3p",
                        "attributes": {
                            "allocate_public_ip": "true",
                            "availability_zone": "ap-chengdu-1",
                            "data_disks.#": "0",
                            "id": "ins-lqdwvk3p",
                            "image_id": "img-6ns5om13",
                            "instance_name": "vm1",
                            "instance_status": "RUNNING",
                            "instance_type": "I2.MEDIUM4",
                            "internet_max_bandwidth_out": "1",
                            "password": "Ab888888",
                            "private_ip": "10.3.1.12",
                            "public_ip": "148.70.231.169",
                            "security_groups.#": "1",
                            "security_groups.619052370": "sg-et4jqwel",
                            "subnet_id": "subnet-qxupz173",
                            "system_disk_size": "50",
                            "system_disk_type": "CLOUD_BASIC",
                            "vpc_id": "vpc-5fgo0hi4"
                        },
                        "meta": {},
                        "tainted": false
                    },
                    "deposed": [],
                    "provider": "provider.tencentcloud"
                },
                "tencentcloud_security_group.web_access": {
                    "type": "tencentcloud_security_group",
                    "depends_on": [],
                    "primary": {
                        "id": "sg-et4jqwel",
                        "attributes": {
                            "description": "make it accessible the web application",
                            "id": "sg-et4jqwel",
                            "name": "web access"
                        },
                        "meta": {},
                        "tainted": false
                    },
                    "deposed": [],
                    "provider": "provider.tencentcloud"
                },
                "tencentcloud_security_group_rule.egress-accept": {
                    "type": "tencentcloud_security_group_rule",
                    "depends_on": [
                        "tencentcloud_security_group.web_access"
                    ],
                    "primary": {
                        "id": "ipProtocol=tcp\u0026portRange=22\u0026sgId=sg-et4jqwel\u0026direction=egress\u0026action=accept\u0026cidrIp=0.0.0.0/0",
                        "attributes": {
                            "cidr_ip": "0.0.0.0/0",
                            "id": "ipProtocol=tcp\u0026portRange=22\u0026sgId=sg-et4jqwel\u0026direction=egress\u0026action=accept\u0026cidrIp=0.0.0.0/0",
                            "ip_protocol": "tcp",
                            "policy": "accept",
                            "port_range": "22",
                            "security_group_id": "sg-et4jqwel",
                            "type": "egress"
                        },
                        "meta": {},
                        "tainted": false
                    },
                    "deposed": [],
                    "provider": "provider.tencentcloud"
                },
                "tencentcloud_security_group_rule.ssh": {
                    "type": "tencentcloud_security_group_rule",
                    "depends_on": [
                        "tencentcloud_security_group.web_access"
                    ],
                    "primary": {
                        "id": "cidrIp=0.0.0.0/0\u0026ipProtocol=tcp\u0026portRange=22\u0026sgId=sg-et4jqwel\u0026direction=ingress\u0026action=accept",
                        "attributes": {
                            "cidr_ip": "0.0.0.0/0",
                            "id": "cidrIp=0.0.0.0/0\u0026ipProtocol=tcp\u0026portRange=22\u0026sgId=sg-et4jqwel\u0026direction=ingress\u0026action=accept",
                            "ip_protocol": "tcp",
                            "policy": "accept",
                            "port_range": "22",
                            "security_group_id": "sg-et4jqwel",
                            "type": "ingress"
                        },
                        "meta": {},
                        "tainted": false
                    },
                    "deposed": [],
                    "provider": "provider.tencentcloud"
                },
                "tencentcloud_security_group_rule.web": {
                    "type": "tencentcloud_security_group_rule",
                    "depends_on": [
                        "tencentcloud_security_group.web_access"
                    ],
                    "primary": {
                        "id": "direction=ingress\u0026action=accept\u0026cidrIp=0.0.0.0/0\u0026ipProtocol=tcp\u0026portRange=80,3000,8080\u0026sgId=sg-et4jqwel",
                        "attributes": {
                            "cidr_ip": "0.0.0.0/0",
                            "id": "direction=ingress\u0026action=accept\u0026cidrIp=0.0.0.0/0\u0026ipProtocol=tcp\u0026portRange=80,3000,8080\u0026sgId=sg-et4jqwel",
                            "ip_protocol": "tcp",
                            "policy": "accept",
                            "port_range": "80,3000,8080",
                            "security_group_id": "sg-et4jqwel",
                            "type": "ingress"
                        },
                        "meta": {},
                        "tainted": false
                    },
                    "deposed": [],
                    "provider": "provider.tencentcloud"
                },
                "tencentcloud_subnet.subnet1_vpc_a": {
                    "type": "tencentcloud_subnet",
                    "depends_on": [
                        "tencentcloud_vpc.vpc_a"
                    ],
                    "primary": {
                        "id": "subnet-qxupz173",
                        "attributes": {
                            "availability_zone": "ap-chengdu-1",
                            "cidr_block": "10.3.1.0/24",
                            "id": "subnet-qxupz173",
                            "name": "subnet1",
                            "route_table_id": "cd_rtb_289089",
                            "vpc_id": "vpc-5fgo0hi4"
                        },
                        "meta": {},
                        "tainted": false
                    },
                    "deposed": [],
                    "provider": "provider.tencentcloud"
                },
                "tencentcloud_vpc.vpc_a": {
                    "type": "tencentcloud_vpc",
                    "depends_on": [],
                    "primary": {
                        "id": "vpc-5fgo0hi4",
                        "attributes": {
                            "cidr_block": "10.3.0.0/16",
                            "id": "vpc-5fgo0hi4",
                            "is_default": "false",
                            "is_multicast": "false",
                            "name": "vpc_a"
                        },
                        "meta": {},
                        "tainted": false
                    },
                    "deposed": [],
                    "provider": "provider.tencentcloud"
                }
            },
            "depends_on": []
        }
    ]
}
